
Microsoft Visual Studio Solution File, Format Version 12.00
# Visual Studio Version 16
VisualStudioVersion = 16.0.31402.337
MinimumVisualStudioVersion = 10.0.40219.1
Project("{2150E333-8FDC-42A3-9474-1A3956D46DE8}") = "src", "src", "{3B075EA0-DF35-4B69-8010-2B970D26CAFB}"
EndProject
Project("{2150E333-8FDC-42A3-9474-1A3956D46DE8}") = "Core", "Core", "{BE3556A7-1870-4C8F-A4DA-7FFE7D571D07}"
EndProject
Project("{9A19103F-16F7-4668-BE54-9A1E7A4F7556}") = "Application", "src\Core\Application\Application.csproj", "{812BA73A-C724-4DE4-9CF5-8B2371B5E9F4}"
EndProject
Project("{9A19103F-16F7-4668-BE54-9A1E7A4F7556}") = "Common", "src\Core\Common\Common.csproj", "{2B437401-8D5A-4195-8759-B1511F4CEF4D}"
EndProject
Project("{9A19103F-16F7-4668-BE54-9A1E7A4F7556}") = "Domain", "src\Core\Domain\Domain.csproj", "{F7AB7213-F868-4278-8F5A-D2D4CF6443FC}"
EndProject
Project("{2150E333-8FDC-42A3-9474-1A3956D46DE8}") = "Infrastructure", "Infrastructure", "{4A59C898-8470-4E44-9D12-548FE3944FA1}"
EndProject
Project("{9A19103F-16F7-4668-BE54-9A1E7A4F7556}") = "Persistance", "src\Infrastructure\Persistance\Persistance.csproj", "{E693D344-2412-4100-B9A7-0206E7D520AC}"
EndProject
Project("{2150E333-8FDC-42A3-9474-1A3956D46DE8}") = "Presentation", "Presentation", "{D7692C94-95A8-4281-A7AB-371034CF4C94}"
EndProject
Project("{9A19103F-16F7-4668-BE54-9A1E7A4F7556}") = "WebApi", "src\Presentation\WebApi\WebApi.csproj", "{F15B5A81-83BE-4D81-923C-1CBB2EA00E51}"
EndProject
Project("{9A19103F-16F7-4668-BE54-9A1E7A4F7556}") = "Infrastructure", "src\Infrastructure\Infrastructure\Infrastructure.csproj", "{2605DAA2-88EF-4497-9D6A-052CA38F6F19}"
EndProject
Project("{E53339B2-1760-4266-BCC7-CA923CBCF16C}") = "docker-compose", "docker-compose.dcproj", "{E135A59C-6E47-4037-A0BB-59FEC5007DD1}"
EndProject
Global
	GlobalSection(SolutionConfigurationPlatforms) = preSolution
		Debug|Any CPU = Debug|Any CPU
		Release|Any CPU = Release|Any CPU
	EndGlobalSection
	GlobalSection(ProjectConfigurationPlatforms) = postSolution
		{812BA73A-C724-4DE4-9CF5-8B2371B5E9F4}.Debug|Any CPU.ActiveCfg = Debug|Any CPU
		{812BA73A-C724-4DE4-9CF5-8B2371B5E9F4}.Debug|Any CPU.Build.0 = Debug|Any CPU
		{812BA73A-C724-4DE4-9CF5-8B2371B5E9F4}.Release|Any CPU.ActiveCfg = Release|Any CPU
		{812BA73A-C724-4DE4-9CF5-8B2371B5E9F4}.Release|Any CPU.Build.0 = Release|Any CPU
		{2B437401-8D5A-4195-8759-B1511F4CEF4D}.Debug|Any CPU.ActiveCfg = Debug|Any CPU
		{2B437401-8D5A-4195-8759-B1511F4CEF4D}.Debug|Any CPU.Build.0 = Debug|Any CPU
		{2B437401-8D5A-4195-8759-B1511F4CEF4D}.Release|Any CPU.ActiveCfg = Release|Any CPU
		{2B437401-8D5A-4195-8759-B1511F4CEF4D}.Release|Any CPU.Build.0 = Release|Any CPU
		{F7AB7213-F868-4278-8F5A-D2D4CF6443FC}.Debug|Any CPU.ActiveCfg = Debug|Any CPU
		{F7AB7213-F868-4278-8F5A-D2D4CF6443FC}.Debug|Any CPU.Build.0 = Debug|Any CPU
		{F7AB7213-F868-4278-8F5A-D2D4CF6443FC}.Release|Any CPU.ActiveCfg = Release|Any CPU
		{F7AB7213-F868-4278-8F5A-D2D4CF6443FC}.Release|Any CPU.Build.0 = Release|Any CPU
		{E693D344-2412-4100-B9A7-0206E7D520AC}.Debug|Any CPU.ActiveCfg = Debug|Any CPU
		{E693D344-2412-4100-B9A7-0206E7D520AC}.Debug|Any CPU.Build.0 = Debug|Any CPU
		{E693D344-2412-4100-B9A7-0206E7D520AC}.Release|Any CPU.ActiveCfg = Release|Any CPU
		{E693D344-2412-4100-B9A7-0206E7D520AC}.Release|Any CPU.Build.0 = Release|Any CPU
		{F15B5A81-83BE-4D81-923C-1CBB2EA00E51}.Debug|Any CPU.ActiveCfg = Debug|Any CPU
		{F15B5A81-83BE-4D81-923C-1CBB2EA00E51}.Debug|Any CPU.Build.0 = Debug|Any CPU
		{F15B5A81-83BE-4D81-923C-1CBB2EA00E51}.Release|Any CPU.ActiveCfg = Release|Any CPU
		{F15B5A81-83BE-4D81-923C-1CBB2EA00E51}.Release|Any CPU.Build.0 = Release|Any CPU
		{2605DAA2-88EF-4497-9D6A-052CA38F6F19}.Debug|Any CPU.ActiveCfg = Debug|Any CPU
		{2605DAA2-88EF-4497-9D6A-052CA38F6F19}.Debug|Any CPU.Build.0 = Debug|Any CPU
		{2605DAA2-88EF-4497-9D6A-052CA38F6F19}.Release|Any CPU.ActiveCfg = Release|Any CPU
		{2605DAA2-88EF-4497-9D6A-052CA38F6F19}.Release|Any CPU.Build.0 = Release|Any CPU
		{E135A59C-6E47-4037-A0BB-59FEC5007DD1}.Debug|Any CPU.ActiveCfg = Debug|Any CPU
		{E135A59C-6E47-4037-A0BB-59FEC5007DD1}.Debug|Any CPU.Build.0 = Debug|Any CPU
		{E135A59C-6E47-4037-A0BB-59FEC5007DD1}.Release|Any CPU.ActiveCfg = Release|Any CPU
		{E135A59C-6E47-4037-A0BB-59FEC5007DD1}.Release|Any CPU.Build.0 = Release|Any CPU
	EndGlobalSection
	GlobalSection(SolutionProperties) = preSolution
		HideSolutionNode = FALSE
	EndGlobalSection
	GlobalSection(NestedProjects) = preSolution
		{BE3556A7-1870-4C8F-A4DA-7FFE7D571D07} = {3B075EA0-DF35-4B69-8010-2B970D26CAFB}
		{812BA73A-C724-4DE4-9CF5-8B2371B5E9F4} = {BE3556A7-1870-4C8F-A4DA-7FFE7D571D07}
		{2B437401-8D5A-4195-8759-B1511F4CEF4D} = {BE3556A7-1870-4C8F-A4DA-7FFE7D571D07}
		{F7AB7213-F868-4278-8F5A-D2D4CF6443FC} = {BE3556A7-1870-4C8F-A4DA-7FFE7D571D07}
		{4A59C898-8470-4E44-9D12-548FE3944FA1} = {3B075EA0-DF35-4B69-8010-2B970D26CAFB}
		{E693D344-2412-4100-B9A7-0206E7D520AC} = {4A59C898-8470-4E44-9D12-548FE3944FA1}
		{D7692C94-95A8-4281-A7AB-371034CF4C94} = {3B075EA0-DF35-4B69-8010-2B970D26CAFB}
		{F15B5A81-83BE-4D81-923C-1CBB2EA00E51} = {D7692C94-95A8-4281-A7AB-371034CF4C94}
		{2605DAA2-88EF-4497-9D6A-052CA38F6F19} = {4A59C898-8470-4E44-9D12-548FE3944FA1}
	EndGlobalSection
	GlobalSection(ExtensibilityGlobals) = postSolution
		SolutionGuid = {9C6EDC7E-5B82-4531-8DD3-7571D490802E}
	EndGlobalSection
EndGlobal
